
Microsoft Visual Studio Solution File, Format Version 12.00
# Visual Studio Version 16
VisualStudioVersion = 16.0.31410.223
MinimumVisualStudioVersion = 10.0.40219.1
Project("{FAE04EC0-301F-11D3-BF4B-00C04F79EFBC}") = "SettlementService", "SettlementService\SettlementService.csproj", "{EEC3743C-9374-41B8-87AF-B7A8F0D66404}"
EndProject
Global
	GlobalSection(SolutionConfigurationPlatforms) = preSolution
		Debug|Any CPU = Debug|Any CPU
		Release|Any CPU = Release|Any CPU
	EndGlobalSection
	GlobalSection(ProjectConfigurationPlatforms) = postSolution
		{EEC3743C-9374-41B8-87AF-B7A8F0D66404}.Debug|Any CPU.ActiveCfg = Debug|Any CPU
		{EEC3743C-9374-41B8-87AF-B7A8F0D66404}.Debug|Any CPU.Build.0 = Debug|Any CPU
		{EEC3743C-9374-41B8-87AF-B7A8F0D66404}.Release|Any CPU.ActiveCfg = Release|Any CPU
		{EEC3743C-9374-41B8-87AF-B7A8F0D66404}.Release|Any CPU.Build.0 = Release|Any CPU
	EndGlobalSection
	GlobalSection(SolutionProperties) = preSolution
		HideSolutionNode = FALSE
	EndGlobalSection
	GlobalSection(ExtensibilityGlobals) = postSolution
		SolutionGuid = {ADFC059D-BD02-4025-8118-49B95655E1C0}
	EndGlobalSection
EndGlobal
